# This file is automatically @generated by Cargo.
# It is not intended for manual editing.
version = 3

[[package]]
name = "array-init"
version = "0.0.4"
source = "registry+https://github.com/rust-lang/crates.io-index"
checksum = "23589ecb866b460d3a0f1278834750268c607e8e28a1b982c907219f3178cd72"
dependencies = [
 "nodrop",
]

[[package]]
name = "arrayref"
version = "0.3.6"
source = "registry+https://github.com/rust-lang/crates.io-index"
checksum = "a4c527152e37cf757a3f78aae5a06fbeefdb07ccc535c980a3208ee3060dd544"

[[package]]
name = "arrayvec"
version = "0.5.2"
source = "registry+https://github.com/rust-lang/crates.io-index"
checksum = "23b62fc65de8e4e7f52534fb52b0f3ed04746ae267519eef2a83941e8085068b"

[[package]]
name = "autocfg"
version = "1.0.1"
source = "registry+https://github.com/rust-lang/crates.io-index"
checksum = "cdb031dd78e28731d87d56cc8ffef4a8f36ca26c38fe2de700543e627f8a464a"

[[package]]
name = "az"
version = "1.1.1"
source = "registry+https://github.com/rust-lang/crates.io-index"
checksum = "822d7d63e0c0260a050f6b1f0d316f5c79b9eab830aca526ed904e1011bd64ca"

[[package]]
name = "base64"
version = "0.12.3"
source = "registry+https://github.com/rust-lang/crates.io-index"
checksum = "3441f0f7b02788e948e47f457ca01f1d7e6d92c693bc132c22b087d3141c03ff"

[[package]]
name = "bitflags"
version = "1.2.1"
source = "registry+https://github.com/rust-lang/crates.io-index"
checksum = "cf1de2fe8c75bc145a2f577add951f8134889b4795d47466a54a5c846d691693"

[[package]]
name = "bitvec"
version = "0.20.4"
source = "registry+https://github.com/rust-lang/crates.io-index"
checksum = "7774144344a4faa177370406a7ff5f1da24303817368584c6206c8303eb07848"
dependencies = [
 "funty",
 "radium",
 "tap",
 "wyz",
]

[[package]]
name = "blake2"
version = "0.9.1"
source = "registry+https://github.com/rust-lang/crates.io-index"
checksum = "10a5720225ef5daecf08657f23791354e1685a8c91a4c60c7f3d3b2892f978f4"
dependencies = [
 "crypto-mac 0.8.0",
 "digest",
 "opaque-debug",
]

[[package]]
name = "blake3"
version = "0.3.8"
source = "registry+https://github.com/rust-lang/crates.io-index"
checksum = "b64485778c4f16a6a5a9d335e80d449ac6c70cdd6a06d2af18a6f6f775a125b3"
dependencies = [
 "arrayref",
 "arrayvec",
 "cc",
 "cfg-if 0.1.10",
 "constant_time_eq",
 "crypto-mac 0.8.0",
 "digest",
]

[[package]]
name = "block-buffer"
version = "0.9.0"
source = "registry+https://github.com/rust-lang/crates.io-index"
checksum = "4152116fd6e9dadb291ae18fc1ec3575ed6d84c29642d97890f4b4a3417297e4"
dependencies = [
 "block-padding",
 "generic-array",
]

[[package]]
name = "block-padding"
version = "0.2.1"
source = "registry+https://github.com/rust-lang/crates.io-index"
checksum = "8d696c370c750c948ada61c69a0ee2cbbb9c50b1019ddb86d9317157a99c2cae"

[[package]]
name = "bumpalo"
version = "3.7.0"
source = "registry+https://github.com/rust-lang/crates.io-index"
checksum = "9c59e7af012c713f529e7a3ee57ce9b31ddd858d4b512923602f74608b009631"

[[package]]
name = "bytemuck"
version = "1.7.2"
source = "registry+https://github.com/rust-lang/crates.io-index"
checksum = "72957246c41db82b8ef88a5486143830adeb8227ef9837740bdec67724cf2c5b"

[[package]]
name = "byteorder"
version = "1.4.3"
source = "registry+https://github.com/rust-lang/crates.io-index"
checksum = "14c189c53d098945499cdfa7ecc63567cf3886b3332b312a5b4585d8d3a6a610"

[[package]]
name = "cc"
version = "1.0.69"
source = "registry+https://github.com/rust-lang/crates.io-index"
checksum = "e70cc2f62c6ce1868963827bd677764c62d07c3d9a3e1fb1177ee1a9ab199eb2"

[[package]]
name = "cfg-if"
version = "0.1.10"
source = "registry+https://github.com/rust-lang/crates.io-index"
checksum = "4785bdd1c96b2a846b2bd7cc02e86b6b3dbf14e7e53446c4f54c92a361040822"

[[package]]
name = "cfg-if"
version = "1.0.0"
source = "registry+https://github.com/rust-lang/crates.io-index"
checksum = "baf1de4339761588bc0619e3cbc0120ee582ebb74b53b4efbf79117bd2da40fd"

[[package]]
name = "chrono"
version = "0.4.19"
source = "registry+https://github.com/rust-lang/crates.io-index"
checksum = "670ad68c9088c2a963aaa298cb369688cf3f9465ce5e2d4ca10e6e0098a1ce73"
dependencies = [
 "libc",
 "num-integer",
 "num-traits",
 "serde",
 "time",
 "winapi",
]

[[package]]
name = "const-oid"
version = "0.5.2"
source = "registry+https://github.com/rust-lang/crates.io-index"
checksum = "279bc8fc53f788a75c7804af68237d1fce02cde1e275a886a4b320604dc2aeda"

[[package]]
name = "constant_time_eq"
version = "0.1.5"
source = "registry+https://github.com/rust-lang/crates.io-index"
checksum = "245097e9a4535ee1e3e3931fcfcd55a796a44c643e8596ff6566d68f09b87bbc"

[[package]]
name = "cpufeatures"
version = "0.1.5"
source = "registry+https://github.com/rust-lang/crates.io-index"
checksum = "66c99696f6c9dd7f35d486b9d04d7e6e202aa3e8c40d553f2fdf5e7e0c6a71ef"
dependencies = [
 "libc",
]

[[package]]
name = "crc32fast"
version = "1.2.1"
source = "registry+https://github.com/rust-lang/crates.io-index"
checksum = "81156fece84ab6a9f2afdb109ce3ae577e42b1228441eded99bd77f627953b1a"
dependencies = [
 "cfg-if 1.0.0",
]

[[package]]
name = "crossbeam-epoch"
version = "0.9.5"
source = "registry+https://github.com/rust-lang/crates.io-index"
checksum = "4ec02e091aa634e2c3ada4a392989e7c3116673ef0ac5b72232439094d73b7fd"
dependencies = [
 "cfg-if 1.0.0",
 "crossbeam-utils",
 "lazy_static",
 "memoffset",
 "scopeguard",
]

[[package]]
name = "crossbeam-utils"
version = "0.8.5"
source = "registry+https://github.com/rust-lang/crates.io-index"
checksum = "d82cfc11ce7f2c3faef78d8a684447b40d503d9681acebed6cb728d45940c4db"
dependencies = [
 "cfg-if 1.0.0",
 "lazy_static",
]

[[package]]
name = "crypto-mac"
version = "0.8.0"
source = "registry+https://github.com/rust-lang/crates.io-index"
checksum = "b584a330336237c1eecd3e94266efb216c56ed91225d634cb2991c5f3fd1aeab"
dependencies = [
 "generic-array",
 "subtle",
]

[[package]]
name = "crypto-mac"
version = "0.11.1"
source = "registry+https://github.com/rust-lang/crates.io-index"
checksum = "b1d1a86f49236c215f271d40892d5fc950490551400b02ef360692c29815c714"
dependencies = [
 "generic-array",
 "subtle",
]

[[package]]
name = "curve25519-dalek"
version = "3.2.0"
source = "registry+https://github.com/rust-lang/crates.io-index"
checksum = "0b9fdf9972b2bd6af2d913799d9ebc165ea4d2e65878e329d9c6b372c4491b61"
dependencies = [
 "byteorder",
 "digest",
 "rand_core 0.5.1",
 "subtle",
 "zeroize",
]

[[package]]
name = "der"
version = "0.3.5"
source = "registry+https://github.com/rust-lang/crates.io-index"
checksum = "2eeb9d92785d1facb50567852ce75d0858630630e7eabea59cf7eb7474051087"
dependencies = [
 "const-oid",
 "typenum",
]

[[package]]
name = "digest"
version = "0.9.0"
source = "registry+https://github.com/rust-lang/crates.io-index"
checksum = "d3dd60d1080a57a05ab032377049e0591415d2b31afd7028356dbf3cc6dcb066"
dependencies = [
 "generic-array",
]

[[package]]
name = "ecdsa"
version = "0.11.1"
source = "registry+https://github.com/rust-lang/crates.io-index"
checksum = "34d33b390ab82f2e1481e331dbd0530895640179d2128ef9a79cc690b78d1eba"
dependencies = [
 "der",
 "elliptic-curve",
 "hmac",
 "signature",
]

[[package]]
name = "ed25519"
version = "1.2.0"
source = "registry+https://github.com/rust-lang/crates.io-index"
checksum = "4620d40f6d2601794401d6dd95a5cf69b6c157852539470eeda433a99b3c0efc"
dependencies = [
 "signature",
]

[[package]]
name = "ed25519-dalek"
version = "1.0.1"
source = "registry+https://github.com/rust-lang/crates.io-index"
checksum = "c762bae6dcaf24c4c84667b8579785430908723d5c889f469d76a41d59cc7a9d"
dependencies = [
 "curve25519-dalek",
 "ed25519",
 "rand",
 "serde",
 "sha2",
 "zeroize",
]

[[package]]
name = "elliptic-curve"
version = "0.9.12"
source = "registry+https://github.com/rust-lang/crates.io-index"
checksum = "c13e9b0c3c4170dcc2a12783746c4205d98e18957f57854251eea3f9750fe005"
dependencies = [
 "bitvec",
 "ff",
 "generic-array",
 "group",
 "pkcs8",
 "rand_core 0.6.3",
 "subtle",
 "zeroize",
]

[[package]]
name = "feature_test"
version = "0.1.0"
dependencies = [
 "keri",
 "wasm-bindgen",
]

[[package]]
name = "ff"
version = "0.9.0"
source = "registry+https://github.com/rust-lang/crates.io-index"
checksum = "72a4d941a5b7c2a75222e2d44fcdf634a67133d9db31e177ae5ff6ecda852bfe"
dependencies = [
 "bitvec",
 "rand_core 0.6.3",
 "subtle",
]

[[package]]
name = "fixed"
version = "1.9.0"
source = "registry+https://github.com/rust-lang/crates.io-index"
checksum = "c97cabfe1ce0db024d64e9f688469e80a8e2b36cb792b09ba33e1ee8d21d00ae"
dependencies = [
 "az",
 "bytemuck",
 "half",
 "typenum",
]

[[package]]
name = "fraction"
version = "0.8.0"
source = "registry+https://github.com/rust-lang/crates.io-index"
checksum = "78d24d088325f939faaf806483fbfac0548e43018606bfe7a44abc83f6dc75ea"
dependencies = [
 "lazy_static",
 "num",
 "serde",
 "serde_derive",
]

[[package]]
name = "fs2"
version = "0.4.3"
source = "registry+https://github.com/rust-lang/crates.io-index"
checksum = "9564fc758e15025b46aa6643b1b77d047d1a56a1aea6e01002ac0c7026876213"
dependencies = [
 "libc",
 "winapi",
]

[[package]]
name = "funty"
version = "1.1.0"
source = "registry+https://github.com/rust-lang/crates.io-index"
checksum = "fed34cd105917e91daa4da6b3728c47b068749d6a62c59811f06ed2ac71d9da7"

[[package]]
name = "fxhash"
version = "0.2.1"
source = "registry+https://github.com/rust-lang/crates.io-index"
checksum = "c31b6d751ae2c7f11320402d34e41349dd1016f8d5d45e48c4312bc8625af50c"
dependencies = [
 "byteorder",
]

[[package]]
name = "generic-array"
version = "0.14.4"
source = "registry+https://github.com/rust-lang/crates.io-index"
checksum = "501466ecc8a30d1d3b7fc9229b122b2ce8ed6e9d9223f1138d4babb253e51817"
dependencies = [
 "typenum",
 "version_check",
]

[[package]]
name = "getrandom"
version = "0.1.16"
source = "registry+https://github.com/rust-lang/crates.io-index"
checksum = "8fc3cb4d91f53b50155bdcfd23f6a4c39ae1969c2ae85982b135750cccaf5fce"
dependencies = [
 "cfg-if 1.0.0",
 "libc",
 "wasi 0.9.0+wasi-snapshot-preview1",
]

[[package]]
name = "group"
version = "0.9.0"
source = "registry+https://github.com/rust-lang/crates.io-index"
checksum = "61b3c1e8b4f1ca07e6605ea1be903a5f6956aec5c8a67fd44d56076631675ed8"
dependencies = [
 "ff",
 "rand_core 0.6.3",
 "subtle",
]

[[package]]
name = "half"
version = "1.7.1"
source = "registry+https://github.com/rust-lang/crates.io-index"
checksum = "62aca2aba2d62b4a7f5b33f3712cb1b0692779a56fb510499d5c0aa594daeaf3"

[[package]]
name = "hmac"
version = "0.11.0"
source = "registry+https://github.com/rust-lang/crates.io-index"
checksum = "2a2a2320eb7ec0ebe8da8f744d7812d9fc4cb4d09344ac01898dbcb6a20ae69b"
dependencies = [
 "crypto-mac 0.11.1",
 "digest",
]

[[package]]
name = "instant"
version = "0.1.10"
source = "registry+https://github.com/rust-lang/crates.io-index"
checksum = "bee0328b1209d157ef001c94dd85b4f8f64139adb0eac2659f4b08382b2f474d"
dependencies = [
 "cfg-if 1.0.0",
]

[[package]]
name = "itoa"
version = "0.4.7"
source = "registry+https://github.com/rust-lang/crates.io-index"
checksum = "dd25036021b0de88a0aff6b850051563c6516d0bf53f8638938edbb9de732736"

[[package]]
name = "k256"
version = "0.8.1"
source = "registry+https://github.com/rust-lang/crates.io-index"
checksum = "8c3e8e491ed22bc161583a1c77e42313672c483eba6bd9d7afec0f1131d0b9ce"
dependencies = [
 "cfg-if 1.0.0",
 "ecdsa",
 "elliptic-curve",
 "sha2",
]

[[package]]
name = "keccak"
version = "0.1.0"
source = "registry+https://github.com/rust-lang/crates.io-index"
checksum = "67c21572b4949434e4fc1e1978b99c5f77064153c59d998bf13ecd96fb5ecba7"

[[package]]
name = "keri"
version = "0.7.0"
source = "git+https://github.com/decentralized-identity/keriox.git?branch=prefix_feature#f159d1e57935300ec50e182e9664113522911a79"
dependencies = [
 "arrayref",
 "base64",
 "blake2",
 "blake3",
 "cfg-if 1.0.0",
 "chrono",
 "ed25519-dalek",
 "fixed",
 "fraction",
 "itoa",
 "k256",
 "nom",
 "rand",
 "rmp-serde",
 "ryu",
 "serde",
 "serde-hex",
 "serde_cbor",
 "serde_derive",
 "serde_json",
 "sha2",
 "sha3",
 "sled",
 "thiserror",
 "zeroize",
]

[[package]]
name = "lazy_static"
version = "1.4.0"
source = "registry+https://github.com/rust-lang/crates.io-index"
checksum = "e2abad23fbc42b3700f2f279844dc832adb2b2eb069b2df918f455c4e18cc646"

[[package]]
name = "lexical-core"
version = "0.7.6"
source = "registry+https://github.com/rust-lang/crates.io-index"
checksum = "6607c62aa161d23d17a9072cc5da0be67cdfc89d3afb1e8d9c842bebc2525ffe"
dependencies = [
 "arrayvec",
 "bitflags",
 "cfg-if 1.0.0",
 "ryu",
 "static_assertions",
]

[[package]]
name = "libc"
version = "0.2.98"
source = "registry+https://github.com/rust-lang/crates.io-index"
checksum = "320cfe77175da3a483efed4bc0adc1968ca050b098ce4f2f1c13a56626128790"

[[package]]
name = "lock_api"
version = "0.4.4"
source = "registry+https://github.com/rust-lang/crates.io-index"
checksum = "0382880606dff6d15c9476c416d18690b72742aa7b605bb6dd6ec9030fbf07eb"
dependencies = [
 "scopeguard",
]

[[package]]
name = "log"
version = "0.4.14"
source = "registry+https://github.com/rust-lang/crates.io-index"
checksum = "51b9bbe6c47d51fc3e1a9b945965946b4c44142ab8792c50835a980d362c2710"
dependencies = [
 "cfg-if 1.0.0",
]

[[package]]
name = "maybe-uninit"
version = "2.0.0"
source = "registry+https://github.com/rust-lang/crates.io-index"
checksum = "60302e4db3a61da70c0cb7991976248362f30319e88850c487b9b95bbf059e00"

[[package]]
name = "memchr"
version = "2.4.0"
source = "registry+https://github.com/rust-lang/crates.io-index"
checksum = "b16bd47d9e329435e309c58469fe0791c2d0d1ba96ec0954152a5ae2b04387dc"

[[package]]
name = "memoffset"
version = "0.6.4"
source = "registry+https://github.com/rust-lang/crates.io-index"
checksum = "59accc507f1338036a0477ef61afdae33cde60840f4dfe481319ce3ad116ddf9"
dependencies = [
 "autocfg",
]

[[package]]
name = "nodrop"
version = "0.1.14"
source = "registry+https://github.com/rust-lang/crates.io-index"
checksum = "72ef4a56884ca558e5ddb05a1d1e7e1bfd9a68d9ed024c21704cc98872dae1bb"

[[package]]
name = "nom"
version = "5.1.2"
source = "registry+https://github.com/rust-lang/crates.io-index"
checksum = "ffb4262d26ed83a1c0a33a38fe2bb15797329c85770da05e6b828ddb782627af"
dependencies = [
 "lexical-core",
 "memchr",
 "version_check",
]

[[package]]
name = "num"
version = "0.2.1"
source = "registry+https://github.com/rust-lang/crates.io-index"
checksum = "b8536030f9fea7127f841b45bb6243b27255787fb4eb83958aa1ef9d2fdc0c36"
dependencies = [
 "num-bigint",
 "num-complex",
 "num-integer",
 "num-iter",
 "num-rational",
 "num-traits",
]

[[package]]
name = "num-bigint"
version = "0.2.6"
source = "registry+https://github.com/rust-lang/crates.io-index"
checksum = "090c7f9998ee0ff65aa5b723e4009f7b217707f1fb5ea551329cc4d6231fb304"
dependencies = [
 "autocfg",
 "num-integer",
 "num-traits",
 "serde",
]

[[package]]
name = "num-complex"
version = "0.2.4"
source = "registry+https://github.com/rust-lang/crates.io-index"
checksum = "b6b19411a9719e753aff12e5187b74d60d3dc449ec3f4dc21e3989c3f554bc95"
dependencies = [
 "autocfg",
 "num-traits",
 "serde",
]

[[package]]
name = "num-integer"
version = "0.1.44"
source = "registry+https://github.com/rust-lang/crates.io-index"
checksum = "d2cc698a63b549a70bc047073d2949cce27cd1c7b0a4a862d08a8031bc2801db"
dependencies = [
 "autocfg",
 "num-traits",
]

[[package]]
name = "num-iter"
version = "0.1.42"
source = "registry+https://github.com/rust-lang/crates.io-index"
checksum = "b2021c8337a54d21aca0d59a92577a029af9431cb59b909b03252b9c164fad59"
dependencies = [
 "autocfg",
 "num-integer",
 "num-traits",
]

[[package]]
name = "num-rational"
version = "0.2.4"
source = "registry+https://github.com/rust-lang/crates.io-index"
checksum = "5c000134b5dbf44adc5cb772486d335293351644b801551abe8f75c84cfa4aef"
dependencies = [
 "autocfg",
 "num-bigint",
 "num-integer",
 "num-traits",
 "serde",
]

[[package]]
name = "num-traits"
version = "0.2.14"
source = "registry+https://github.com/rust-lang/crates.io-index"
checksum = "9a64b1ec5cda2586e284722486d802acf1f7dbdc623e2bfc57e65ca1cd099290"
dependencies = [
 "autocfg",
]

[[package]]
name = "opaque-debug"
version = "0.3.0"
source = "registry+https://github.com/rust-lang/crates.io-index"
checksum = "624a8340c38c1b80fd549087862da4ba43e08858af025b236e509b6649fc13d5"

[[package]]
name = "parking_lot"
version = "0.11.1"
source = "registry+https://github.com/rust-lang/crates.io-index"
checksum = "6d7744ac029df22dca6284efe4e898991d28e3085c706c972bcd7da4a27a15eb"
dependencies = [
 "instant",
 "lock_api",
 "parking_lot_core",
]

[[package]]
name = "parking_lot_core"
version = "0.8.3"
source = "registry+https://github.com/rust-lang/crates.io-index"
checksum = "fa7a782938e745763fe6907fc6ba86946d72f49fe7e21de074e08128a99fb018"
dependencies = [
 "cfg-if 1.0.0",
 "instant",
 "libc",
 "redox_syscall",
 "smallvec 1.6.1",
 "winapi",
]

[[package]]
name = "pkcs8"
version = "0.6.1"
source = "registry+https://github.com/rust-lang/crates.io-index"
checksum = "c9c2f795bc591cb3384cb64082a578b89207ac92bb89c9d98c1ea2ace7cd8110"
dependencies = [
 "der",
 "spki",
]

[[package]]
name = "ppv-lite86"
version = "0.2.10"
source = "registry+https://github.com/rust-lang/crates.io-index"
checksum = "ac74c624d6b2d21f425f752262f42188365d7b8ff1aff74c82e45136510a4857"

[[package]]
name = "proc-macro2"
version = "1.0.28"
source = "registry+https://github.com/rust-lang/crates.io-index"
checksum = "5c7ed8b8c7b886ea3ed7dde405212185f423ab44682667c8c6dd14aa1d9f6612"
dependencies = [
 "unicode-xid",
]

[[package]]
name = "quote"
version = "1.0.9"
source = "registry+https://github.com/rust-lang/crates.io-index"
checksum = "c3d0b9745dc2debf507c8422de05d7226cc1f0644216dfdfead988f9b1ab32a7"
dependencies = [
 "proc-macro2",
]

[[package]]
name = "radium"
version = "0.6.2"
source = "registry+https://github.com/rust-lang/crates.io-index"
checksum = "643f8f41a8ebc4c5dc4515c82bb8abd397b527fc20fd681b7c011c2aee5d44fb"

[[package]]
name = "rand"
version = "0.7.3"
source = "registry+https://github.com/rust-lang/crates.io-index"
checksum = "6a6b1679d49b24bbfe0c803429aa1874472f50d9b363131f0e89fc356b544d03"
dependencies = [
 "getrandom",
 "libc",
 "rand_chacha",
 "rand_core 0.5.1",
 "rand_hc",
]

[[package]]
name = "rand_chacha"
version = "0.2.2"
source = "registry+https://github.com/rust-lang/crates.io-index"
checksum = "f4c8ed856279c9737206bf725bf36935d8666ead7aa69b52be55af369d193402"
dependencies = [
 "ppv-lite86",
 "rand_core 0.5.1",
]

[[package]]
name = "rand_core"
version = "0.5.1"
source = "registry+https://github.com/rust-lang/crates.io-index"
checksum = "90bde5296fc891b0cef12a6d03ddccc162ce7b2aff54160af9338f8d40df6d19"
dependencies = [
 "getrandom",
]

[[package]]
name = "rand_core"
version = "0.6.3"
source = "registry+https://github.com/rust-lang/crates.io-index"
checksum = "d34f1408f55294453790c48b2f1ebbb1c5b4b7563eb1f418bcfcfdbb06ebb4e7"

[[package]]
name = "rand_hc"
version = "0.2.0"
source = "registry+https://github.com/rust-lang/crates.io-index"
checksum = "ca3129af7b92a17112d59ad498c6f81eaf463253766b90396d39ea7a39d6613c"
dependencies = [
 "rand_core 0.5.1",
]

[[package]]
name = "redox_syscall"
version = "0.2.9"
source = "registry+https://github.com/rust-lang/crates.io-index"
checksum = "5ab49abadf3f9e1c4bc499e8845e152ad87d2ad2d30371841171169e9d75feee"
dependencies = [
 "bitflags",
]

[[package]]
name = "rmp"
version = "0.8.10"
source = "registry+https://github.com/rust-lang/crates.io-index"
checksum = "4f55e5fa1446c4d5dd1f5daeed2a4fe193071771a2636274d0d7a3b082aa7ad6"
dependencies = [
 "byteorder",
 "num-traits",
]

[[package]]
name = "rmp-serde"
version = "0.14.4"
source = "registry+https://github.com/rust-lang/crates.io-index"
checksum = "4ce7d70c926fe472aed493b902010bccc17fa9f7284145cb8772fd22fdb052d8"
dependencies = [
 "byteorder",
 "rmp",
 "serde",
]

[[package]]
name = "ryu"
version = "1.0.5"
source = "registry+https://github.com/rust-lang/crates.io-index"
checksum = "71d301d4193d031abdd79ff7e3dd721168a9572ef3fe51a1517aba235bd8f86e"

[[package]]
name = "scopeguard"
version = "1.1.0"
source = "registry+https://github.com/rust-lang/crates.io-index"
checksum = "d29ab0c6d3fc0ee92fe66e2d99f700eab17a8d57d1c1d3b748380fb20baa78cd"

[[package]]
name = "serde"
version = "1.0.127"
source = "registry+https://github.com/rust-lang/crates.io-index"
checksum = "f03b9878abf6d14e6779d3f24f07b2cfa90352cfec4acc5aab8f1ac7f146fae8"
dependencies = [
 "serde_derive",
]

[[package]]
name = "serde-hex"
version = "0.1.0"
source = "registry+https://github.com/rust-lang/crates.io-index"
checksum = "ca37e3e4d1b39afd7ff11ee4e947efae85adfddf4841787bfa47c470e96dc26d"
dependencies = [
 "array-init",
 "serde",
 "smallvec 0.6.14",
]

[[package]]
name = "serde_cbor"
version = "0.11.1"
source = "registry+https://github.com/rust-lang/crates.io-index"
checksum = "1e18acfa2f90e8b735b2836ab8d538de304cbb6729a7360729ea5a895d15a622"
dependencies = [
 "half",
 "serde",
]

[[package]]
name = "serde_derive"
version = "1.0.127"
source = "registry+https://github.com/rust-lang/crates.io-index"
checksum = "a024926d3432516606328597e0f224a51355a493b49fdd67e9209187cbe55ecc"
dependencies = [
 "proc-macro2",
 "quote",
 "syn",
]

[[package]]
name = "serde_json"
version = "1.0.66"
source = "registry+https://github.com/rust-lang/crates.io-index"
checksum = "336b10da19a12ad094b59d870ebde26a45402e5b470add4b5fd03c5048a32127"
dependencies = [
 "itoa",
 "ryu",
 "serde",
]

[[package]]
name = "sha2"
version = "0.9.5"
source = "registry+https://github.com/rust-lang/crates.io-index"
checksum = "b362ae5752fd2137731f9fa25fd4d9058af34666ca1966fb969119cc35719f12"
dependencies = [
 "block-buffer",
 "cfg-if 1.0.0",
 "cpufeatures",
 "digest",
 "opaque-debug",
]

[[package]]
name = "sha3"
version = "0.9.1"
source = "registry+https://github.com/rust-lang/crates.io-index"
checksum = "f81199417d4e5de3f04b1e871023acea7389672c4135918f05aa9cbf2f2fa809"
dependencies = [
 "block-buffer",
 "digest",
 "keccak",
 "opaque-debug",
]

[[package]]
name = "signature"
version = "1.3.1"
source = "registry+https://github.com/rust-lang/crates.io-index"
checksum = "c19772be3c4dd2ceaacf03cb41d5885f2a02c4d8804884918e3a258480803335"
dependencies = [
 "digest",
 "rand_core 0.6.3",
]

[[package]]
name = "sled"
version = "0.34.6"
source = "registry+https://github.com/rust-lang/crates.io-index"
checksum = "1d0132f3e393bcb7390c60bb45769498cf4550bcb7a21d7f95c02b69f6362cdc"
dependencies = [
 "crc32fast",
 "crossbeam-epoch",
 "crossbeam-utils",
 "fs2",
 "fxhash",
 "libc",
 "log",
 "parking_lot",
]

[[package]]
name = "smallvec"
version = "0.6.14"
source = "registry+https://github.com/rust-lang/crates.io-index"
checksum = "b97fcaeba89edba30f044a10c6a3cc39df9c3f17d7cd829dd1446cab35f890e0"
dependencies = [
 "maybe-uninit",
]

[[package]]
name = "smallvec"
version = "1.6.1"
source = "registry+https://github.com/rust-lang/crates.io-index"
checksum = "fe0f37c9e8f3c5a4a66ad655a93c74daac4ad00c441533bf5c6e7990bb42604e"

[[package]]
name = "spki"
version = "0.3.0"
source = "registry+https://github.com/rust-lang/crates.io-index"
checksum = "9dae7e047abc519c96350e9484a96c6bf1492348af912fd3446dd2dc323f6268"
dependencies = [
 "der",
]

[[package]]
name = "static_assertions"
version = "1.1.0"
source = "registry+https://github.com/rust-lang/crates.io-index"
checksum = "a2eb9349b6444b326872e140eb1cf5e7c522154d69e7a0ffb0fb81c06b37543f"

[[package]]
name = "subtle"
version = "2.4.1"
source = "registry+https://github.com/rust-lang/crates.io-index"
checksum = "6bdef32e8150c2a081110b42772ffe7d7c9032b606bc226c8260fd97e0976601"

[[package]]
name = "syn"
version = "1.0.74"
source = "registry+https://github.com/rust-lang/crates.io-index"
checksum = "1873d832550d4588c3dbc20f01361ab00bfe741048f71e3fecf145a7cc18b29c"
dependencies = [
 "proc-macro2",
 "quote",
 "unicode-xid",
]

[[package]]
name = "synstructure"
version = "0.12.5"
source = "registry+https://github.com/rust-lang/crates.io-index"
checksum = "474aaa926faa1603c40b7885a9eaea29b444d1cb2850cb7c0e37bb1a4182f4fa"
dependencies = [
 "proc-macro2",
 "quote",
 "syn",
 "unicode-xid",
]

[[package]]
name = "tap"
version = "1.0.1"
source = "registry+https://github.com/rust-lang/crates.io-index"
checksum = "55937e1799185b12863d447f42597ed69d9928686b8d88a1df17376a097d8369"

[[package]]
name = "thiserror"
version = "1.0.26"
source = "registry+https://github.com/rust-lang/crates.io-index"
checksum = "93119e4feac1cbe6c798c34d3a53ea0026b0b1de6a120deef895137c0529bfe2"
dependencies = [
 "thiserror-impl",
]

[[package]]
name = "thiserror-impl"
version = "1.0.26"
source = "registry+https://github.com/rust-lang/crates.io-index"
checksum = "060d69a0afe7796bf42e9e2ff91f5ee691fb15c53d38b4b62a9a53eb23164745"
dependencies = [
 "proc-macro2",
 "quote",
 "syn",
]

[[package]]
name = "time"
version = "0.1.44"
source = "registry+https://github.com/rust-lang/crates.io-index"
checksum = "6db9e6914ab8b1ae1c260a4ae7a49b6c5611b40328a735b21862567685e73255"
dependencies = [
 "libc",
 "wasi 0.10.0+wasi-snapshot-preview1",
 "winapi",
]

[[package]]
name = "typenum"
version = "1.13.0"
source = "registry+https://github.com/rust-lang/crates.io-index"
checksum = "879f6906492a7cd215bfa4cf595b600146ccfac0c79bcbd1f3000162af5e8b06"

[[package]]
name = "unicode-xid"
version = "0.2.2"
source = "registry+https://github.com/rust-lang/crates.io-index"
checksum = "8ccb82d61f80a663efe1f787a51b16b5a51e3314d6ac365b08639f52387b33f3"

[[package]]
name = "version_check"
version = "0.9.3"
source = "registry+https://github.com/rust-lang/crates.io-index"
checksum = "5fecdca9a5291cc2b8dcf7dc02453fee791a280f3743cb0905f8822ae463b3fe"

[[package]]
name = "wasi"
version = "0.9.0+wasi-snapshot-preview1"
source = "registry+https://github.com/rust-lang/crates.io-index"
checksum = "cccddf32554fecc6acb585f82a32a72e28b48f8c4c1883ddfeeeaa96f7d8e519"

[[package]]
name = "wasi"
version = "0.10.0+wasi-snapshot-preview1"
source = "registry+https://github.com/rust-lang/crates.io-index"
checksum = "1a143597ca7c7793eff794def352d41792a93c481eb1042423ff7ff72ba2c31f"

[[package]]
name = "wasm-bindgen"
version = "0.2.75"
source = "registry+https://github.com/rust-lang/crates.io-index"
checksum = "b608ecc8f4198fe8680e2ed18eccab5f0cd4caaf3d83516fa5fb2e927fda2586"
dependencies = [
 "cfg-if 1.0.0",
 "wasm-bindgen-macro",
]

[[package]]
name = "wasm-bindgen-backend"
version = "0.2.75"
source = "registry+https://github.com/rust-lang/crates.io-index"
checksum = "580aa3a91a63d23aac5b6b267e2d13cb4f363e31dce6c352fca4752ae12e479f"
dependencies = [
 "bumpalo",
 "lazy_static",
 "log",
 "proc-macro2",
 "quote",
 "syn",
 "wasm-bindgen-shared",
]

[[package]]
name = "wasm-bindgen-macro"
version = "0.2.75"
source = "registry+https://github.com/rust-lang/crates.io-index"
checksum = "171ebf0ed9e1458810dfcb31f2e766ad6b3a89dbda42d8901f2b268277e5f09c"
dependencies = [
 "quote",
 "wasm-bindgen-macro-support",
]

[[package]]
name = "wasm-bindgen-macro-support"
version = "0.2.75"
source = "registry+https://github.com/rust-lang/crates.io-index"
checksum = "6c2657dd393f03aa2a659c25c6ae18a13a4048cebd220e147933ea837efc589f"
dependencies = [
 "proc-macro2",
 "quote",
 "syn",
 "wasm-bindgen-backend",
 "wasm-bindgen-shared",
]

[[package]]
name = "wasm-bindgen-shared"
version = "0.2.75"
source = "registry+https://github.com/rust-lang/crates.io-index"
checksum = "2e0c4a743a309662d45f4ede961d7afa4ba4131a59a639f29b0069c3798bbcc2"

[[package]]
name = "winapi"
version = "0.3.9"
source = "registry+https://github.com/rust-lang/crates.io-index"
checksum = "5c839a674fcd7a98952e593242ea400abe93992746761e38641405d28b00f419"
dependencies = [
 "winapi-i686-pc-windows-gnu",
 "winapi-x86_64-pc-windows-gnu",
]

[[package]]
name = "winapi-i686-pc-windows-gnu"
version = "0.4.0"
source = "registry+https://github.com/rust-lang/crates.io-index"
checksum = "ac3b87c63620426dd9b991e5ce0329eff545bccbbb34f3be09ff6fb6ab51b7b6"

[[package]]
name = "winapi-x86_64-pc-windows-gnu"
version = "0.4.0"
source = "registry+https://github.com/rust-lang/crates.io-index"
checksum = "712e227841d057c1ee1cd2fb22fa7e5a5461ae8e48fa2ca79ec42cfc1931183f"

[[package]]
name = "wyz"
version = "0.2.0"
source = "registry+https://github.com/rust-lang/crates.io-index"
checksum = "85e60b0d1b5f99db2556934e21937020776a5d31520bf169e851ac44e6420214"

[[package]]
name = "zeroize"
version = "1.4.1"
source = "registry+https://github.com/rust-lang/crates.io-index"
checksum = "377db0846015f7ae377174787dd452e1c5f5a9050bc6f954911d01f116daa0cd"
dependencies = [
 "zeroize_derive",
]

[[package]]
name = "zeroize_derive"
version = "1.1.0"
source = "registry+https://github.com/rust-lang/crates.io-index"
checksum = "a2c1e130bebaeab2f23886bf9acbaca14b092408c452543c857f66399cd6dab1"
dependencies = [
 "proc-macro2",
 "quote",
 "syn",
 "synstructure",
]
